
Microsoft Visual Studio Solution File, Format Version 12.00
# Visual Studio Version 17
VisualStudioVersion = 17.4.33103.184
MinimumVisualStudioVersion = 10.0.40219.1
Project("{FAE04EC0-301F-11D3-BF4B-00C04F79EFBC}") = "jobaidprovider", "jobaidprovider\jobaidprovider.csproj", "{F7B6C8A4-A71F-4375-BCDC-DA7CE8DA5827}"
EndProject
Global
	GlobalSection(SolutionConfigurationPlatforms) = preSolution
		Debug|Any CPU = Debug|Any CPU
		Release|Any CPU = Release|Any CPU
	EndGlobalSection
	GlobalSection(ProjectConfigurationPlatforms) = postSolution
		{F7B6C8A4-A71F-4375-BCDC-DA7CE8DA5827}.Debug|Any CPU.ActiveCfg = Debug|Any CPU
		{F7B6C8A4-A71F-4375-BCDC-DA7CE8DA5827}.Debug|Any CPU.Build.0 = Debug|Any CPU
		{F7B6C8A4-A71F-4375-BCDC-DA7CE8DA5827}.Release|Any CPU.ActiveCfg = Release|Any CPU
		{F7B6C8A4-A71F-4375-BCDC-DA7CE8DA5827}.Release|Any CPU.Build.0 = Release|Any CPU
	EndGlobalSection
	GlobalSection(SolutionProperties) = preSolution
		HideSolutionNode = FALSE
	EndGlobalSection
	GlobalSection(ExtensibilityGlobals) = postSolution
		SolutionGuid = {3B690447-9468-47FB-8E7B-12F186761B8B}
	EndGlobalSection
EndGlobal
